# THIS IS AN AUTOGENERATED FILE. DO NOT EDIT THIS FILE DIRECTLY.
# yarn lockfile v1


"@babel/parser@^7.20.15", "@babel/parser@^7.21.3":
  version "7.22.3"
  resolved "https://registry.yarnpkg.com/@babel/parser/-/parser-7.22.3.tgz#838ae31893373222cd9062568e2192c670037e00"
  integrity sha512-vrukxyW/ep8UD1UDzOYpTKQ6abgjFoeG6L+4ar9+c5TN9QnlqiOi6QK7LSR5ewm/ERyGkT/Ai6VboNrxhbr9Uw==

"@esbuild/android-arm64@0.16.16":
  version "0.16.16"
  resolved "https://registry.yarnpkg.com/@esbuild/android-arm64/-/android-arm64-0.16.16.tgz#833184b8a0a96f9c85105c53d0a67e6d3c5c3f07"
  integrity sha512-hFHVAzUKp9Tf8psGq+bDVv+6hTy1bAOoV/jJMUWwhUnIHsh6WbFMhw0ZTkqDuh7TdpffFoHOiIOIxmHc7oYRBQ==

"@esbuild/android-arm@0.16.16":
  version "0.16.16"
  resolved "https://registry.yarnpkg.com/@esbuild/android-arm/-/android-arm-0.16.16.tgz#23761b2fd1dfa4806161dbfc9e0824f04061cb95"
  integrity sha512-BUuWMlt4WSXod1HSl7aGK8fJOsi+Tab/M0IDK1V1/GstzoOpqc/v3DqmN8MkuapPKQ9Br1WtLAN4uEgWR8x64A==

"@esbuild/android-x64@0.16.16":
  version "0.16.16"
  resolved "https://registry.yarnpkg.com/@esbuild/android-x64/-/android-x64-0.16.16.tgz#ffa09f04c0ffea5b594ab7655fc9ca1220365e9b"
  integrity sha512-9WhxJpeb6XumlfivldxqmkJepEcELekmSw3NkGrs+Edq6sS5KRxtUBQuKYDD7KqP59dDkxVbaoPIQFKWQG0KLg==

"@esbuild/darwin-arm64@0.16.16":
  version "0.16.16"
  resolved "https://registry.yarnpkg.com/@esbuild/darwin-arm64/-/darwin-arm64-0.16.16.tgz#62ed2b4bfab594b9e5e708580361f1d059b53b26"
  integrity sha512-8Z+wld+vr/prHPi2O0X7o1zQOfMbXWGAw9hT0jEyU/l/Yrg+0Z3FO9pjPho72dVkZs4ewZk0bDOFLdZHm8jEfw==

"@esbuild/darwin-x64@0.16.16":
  version "0.16.16"
  resolved "https://registry.yarnpkg.com/@esbuild/darwin-x64/-/darwin-x64-0.16.16.tgz#e9756d34cd9b3737a5354e89ca0fdca32d8df64c"
  integrity sha512-CYkxVvkZzGCqFrt7EgjFxQKhlUPyDkuR9P0Y5wEcmJqVI8ncerOIY5Kej52MhZyzOBXkYrJgZeVZC9xXXoEg9A==

"@esbuild/freebsd-arm64@0.16.16":
  version "0.16.16"
  resolved "https://registry.yarnpkg.com/@esbuild/freebsd-arm64/-/freebsd-arm64-0.16.16.tgz#db7bce444d372e5a213a3f359c42aee3acc0dd45"
  integrity sha512-fxrw4BYqQ39z/3Ja9xj/a1gMsVq0xEjhSyI4a9MjfvDDD8fUV8IYliac96i7tzZc3+VytyXX+XNsnpEk5sw5Wg==

"@esbuild/freebsd-x64@0.16.16":
  version "0.16.16"
  resolved "https://registry.yarnpkg.com/@esbuild/freebsd-x64/-/freebsd-x64-0.16.16.tgz#02e8a81b7e56040b5eb883896de445a6cd3501f0"
  integrity sha512-8p3v1D+du2jiDvSoNVimHhj7leSfST9YlKsAEO7etBfuqjaBMndo0fmjNLp0JCMld+XIx9L80tooOkyUv1a1PQ==

"@esbuild/linux-arm64@0.16.16":
  version "0.16.16"
  resolved "https://registry.yarnpkg.com/@esbuild/linux-arm64/-/linux-arm64-0.16.16.tgz#ea8c3df172644fa6437f0083c2a38b50f89e5b98"
  integrity sha512-N3u6BBbCVY3xeP2D8Db7QY8I+nZ+2AgOopUIqk+5yCoLnsWkcVxD2ay5E9iIdvApFi1Vg1lZiiwaVp8bOpAc4A==

"@esbuild/linux-arm@0.16.16":
  version "0.16.16"
  resolved "https://registry.yarnpkg.com/@esbuild/linux-arm/-/linux-arm-0.16.16.tgz#c1c2e97e67bb7247e6f60e2644de057bfedb8cbb"
  integrity sha512-bYaocE1/PTMRmkgSckZ0D0Xn2nox8v2qlk+MVVqm+VECNKDdZvghVZtH41dNtBbwADSvA6qkCHGYeWm9LrNCBw==

"@esbuild/linux-ia32@0.16.16":
  version "0.16.16"
  resolved "https://registry.yarnpkg.com/@esbuild/linux-ia32/-/linux-ia32-0.16.16.tgz#9a0b0e926926f891a3e7f7c50bb38e3db49c2c9a"
  integrity sha512-dxjqLKUW8GqGemoRT9v8IgHk+T4tRm1rn1gUcArsp26W9EkK/27VSjBVUXhEG5NInHZ92JaQ3SSMdTwv/r9a2A==

"@esbuild/linux-loong64@0.16.16":
  version "0.16.16"
  resolved "https://registry.yarnpkg.com/@esbuild/linux-loong64/-/linux-loong64-0.16.16.tgz#c5a50ff5981d457ed45f42c3f06a60086759c79b"
  integrity sha512-MdUFggHjRiCCwNE9+1AibewoNq6wf94GLB9Q9aXwl+a75UlRmbRK3h6WJyrSGA6ZstDJgaD2wiTSP7tQNUYxwA==

"@esbuild/linux-mips64el@0.16.16":
  version "0.16.16"
  resolved "https://registry.yarnpkg.com/@esbuild/linux-mips64el/-/linux-mips64el-0.16.16.tgz#e85b7e3c25000be2ae373e5208e55e282a9763e0"
  integrity sha512-CO3YmO7jYMlGqGoeFeKzdwx/bx8Vtq/SZaMAi+ZLDUnDUdfC7GmGwXzIwDJ70Sg+P9pAemjJyJ1icKJ9R3q/Fg==

"@esbuild/linux-ppc64@0.16.16":
  version "0.16.16"
  resolved "https://registry.yarnpkg.com/@esbuild/linux-ppc64/-/linux-ppc64-0.16.16.tgz#24a0013bf727830df44fece571172ebe31b5c5e6"
  integrity sha512-DSl5Czh5hCy/7azX0Wl9IdzPHX2H8clC6G87tBnZnzUpNgRxPFhfmArbaHoAysu4JfqCqbB/33u/GL9dUgCBAw==

"@esbuild/linux-riscv64@0.16.16":
  version "0.16.16"
  resolved "https://registry.yarnpkg.com/@esbuild/linux-riscv64/-/linux-riscv64-0.16.16.tgz#b080998d8d0480e8235f1384c585ae505e98a19d"
  integrity sha512-sSVVMEXsqf1fQu0j7kkhXMViroixU5XoaJXl1u/u+jbXvvhhCt9YvA/B6VM3aM/77HuRQ94neS5bcisijGnKFQ==

"@esbuild/linux-s390x@0.16.16":
  version "0.16.16"
  resolved "https://registry.yarnpkg.com/@esbuild/linux-s390x/-/linux-s390x-0.16.16.tgz#5042de05b9b653dfd134f05e1b37b61704c14c42"
  integrity sha512-jRqBCre9gZGoCdCN/UWCCMwCMsOg65IpY9Pyj56mKCF5zXy9d60kkNRdDN6YXGjr3rzcC4DXnS/kQVCGcC4yPQ==

"@esbuild/linux-x64@0.16.16":
  version "0.16.16"
  resolved "https://registry.yarnpkg.com/@esbuild/linux-x64/-/linux-x64-0.16.16.tgz#b7c0750f2276c9dcf41f0f2229adca46ef22f698"
  integrity sha512-G1+09TopOzo59/55lk5Q0UokghYLyHTKKzD5lXsAOOlGDbieGEFJpJBr3BLDbf7cz89KX04sBeExAR/pL/26sA==

"@esbuild/netbsd-x64@0.16.16":
  version "0.16.16"
  resolved "https://registry.yarnpkg.com/@esbuild/netbsd-x64/-/netbsd-x64-0.16.16.tgz#e2a0ee181fbbe834174d26e24ce1b258232bb3eb"
  integrity sha512-xwjGJB5wwDEujLaJIrSMRqWkbigALpBNcsF9SqszoNKc+wY4kPTdKrSxiY5ik3IatojePP+WV108MvF6q6np4w==

"@esbuild/openbsd-x64@0.16.16":
  version "0.16.16"
  resolved "https://registry.yarnpkg.com/@esbuild/openbsd-x64/-/openbsd-x64-0.16.16.tgz#87a84c1932e00f52ab3380c31facf0e48086ffb9"
  integrity sha512-yeERkoxG2nR2oxO5n+Ms7MsCeNk23zrby2GXCqnfCpPp7KNc0vxaaacIxb21wPMfXXRhGBrNP4YLIupUBrWdlg==

"@esbuild/sunos-x64@0.16.16":
  version "0.16.16"
  resolved "https://registry.yarnpkg.com/@esbuild/sunos-x64/-/sunos-x64-0.16.16.tgz#996bcd2603cd345733c3aa5f52bfd5b8fa7d1d36"
  integrity sha512-nHfbEym0IObXPhtX6Va3H5GaKBty2kdhlAhKmyCj9u255ktAj0b1YACUs9j5H88NRn9cJCthD1Ik/k9wn8YKVg==

"@esbuild/win32-arm64@0.16.16":
  version "0.16.16"
  resolved "https://registry.yarnpkg.com/@esbuild/win32-arm64/-/win32-arm64-0.16.16.tgz#404a9411d12533d0f2ce0a85df6ddb32e851ef04"
  integrity sha512-pdD+M1ZOFy4hE15ZyPX09fd5g4DqbbL1wXGY90YmleVS6Y5YlraW4BvHjim/X/4yuCpTsAFvsT4Nca2lbyDH/A==

"@esbuild/win32-ia32@0.16.16":
  version "0.16.16"
  resolved "https://registry.yarnpkg.com/@esbuild/win32-ia32/-/win32-ia32-0.16.16.tgz#bb5655a48f5f87fee870061883411f5149bc5e44"
  integrity sha512-IPEMfU9p0c3Vb8PqxaPX6BM9rYwlTZGYOf9u+kMdhoILZkVKEjq6PKZO0lB+isojWwAnAqh4ZxshD96njTXajg==

"@esbuild/win32-x64@0.16.16":
  version "0.16.16"
  resolved "https://registry.yarnpkg.com/@esbuild/win32-x64/-/win32-x64-0.16.16.tgz#ee22fed0b2e0c00ce895cdfae9d32ef069a12e04"
  integrity sha512-1YYpoJ39WV/2bnShPwgdzJklc+XS0bysN6Tpnt1cWPdeoKOG4RMEY1g7i534QxXX/rPvNx/NLJQTTCeORYzipg==

"@jridgewell/sourcemap-codec@^1.4.13":
  version "1.4.15"
  resolved "https://registry.yarnpkg.com/@jridgewell/sourcemap-codec/-/sourcemap-codec-1.4.15.tgz#d7c6e6755c78567a951e04ab52ef0fd26de59f32"
  integrity sha512-eF2rxCRulEKXHTRiDrDy6erMYWqNw4LPdQ8UQA4huuxaQsVeRPFl2oM8oDGxMFhJUWZf9McpLtJasDDZb/Bpeg==

"@vitejs/plugin-vue@^4.0.0":
  version "4.0.0"
  resolved "https://registry.yarnpkg.com/@vitejs/plugin-vue/-/plugin-vue-4.0.0.tgz#93815beffd23db46288c787352a8ea31a0c03e5e"
  integrity sha512-e0X4jErIxAB5oLtDqbHvHpJe/uWNkdpYV83AOG2xo2tEVSzCzewgJMtREZM30wXnM5ls90hxiOtAuVU6H5JgbA==

"@vue/compiler-core@3.3.4":
  version "3.3.4"
  resolved "https://registry.yarnpkg.com/@vue/compiler-core/-/compiler-core-3.3.4.tgz#7fbf591c1c19e1acd28ffd284526e98b4f581128"
  integrity sha512-cquyDNvZ6jTbf/+x+AgM2Arrp6G4Dzbb0R64jiG804HRMfRiFXWI6kqUVqZ6ZR0bQhIoQjB4+2bhNtVwndW15g==
  dependencies:
    "@babel/parser" "^7.21.3"
    "@vue/shared" "3.3.4"
    estree-walker "^2.0.2"
    source-map-js "^1.0.2"

"@vue/compiler-dom@3.3.4":
  version "3.3.4"
  resolved "https://registry.yarnpkg.com/@vue/compiler-dom/-/compiler-dom-3.3.4.tgz#f56e09b5f4d7dc350f981784de9713d823341151"
  integrity sha512-wyM+OjOVpuUukIq6p5+nwHYtj9cFroz9cwkfmP9O1nzH68BenTTv0u7/ndggT8cIQlnBeOo6sUT/gvHcIkLA5w==
  dependencies:
    "@vue/compiler-core" "3.3.4"
    "@vue/shared" "3.3.4"

"@vue/compiler-sfc@3.3.4":
  version "3.3.4"
  resolved "https://registry.yarnpkg.com/@vue/compiler-sfc/-/compiler-sfc-3.3.4.tgz#b19d942c71938893535b46226d602720593001df"
  integrity sha512-6y/d8uw+5TkCuzBkgLS0v3lSM3hJDntFEiUORM11pQ/hKvkhSKZrXW6i69UyXlJQisJxuUEJKAWEqWbWsLeNKQ==
  dependencies:
    "@babel/parser" "^7.20.15"
    "@vue/compiler-core" "3.3.4"
    "@vue/compiler-dom" "3.3.4"
    "@vue/compiler-ssr" "3.3.4"
    "@vue/reactivity-transform" "3.3.4"
    "@vue/shared" "3.3.4"
    estree-walker "^2.0.2"
    magic-string "^0.30.0"
    postcss "^8.1.10"
    source-map-js "^1.0.2"

"@vue/compiler-ssr@3.3.4":
  version "3.3.4"
  resolved "https://registry.yarnpkg.com/@vue/compiler-ssr/-/compiler-ssr-3.3.4.tgz#9d1379abffa4f2b0cd844174ceec4a9721138777"
  integrity sha512-m0v6oKpup2nMSehwA6Uuu+j+wEwcy7QmwMkVNVfrV9P2qE5KshC6RwOCq8fjGS/Eak/uNb8AaWekfiXxbBB6gQ==
  dependencies:
    "@vue/compiler-dom" "3.3.4"
    "@vue/shared" "3.3.4"

"@vue/reactivity-transform@3.3.4":
  version "3.3.4"
  resolved "https://registry.yarnpkg.com/@vue/reactivity-transform/-/reactivity-transform-3.3.4.tgz#52908476e34d6a65c6c21cd2722d41ed8ae51929"
  integrity sha512-MXgwjako4nu5WFLAjpBnCj/ieqcjE2aJBINUNQzkZQfzIZA4xn+0fV1tIYBJvvva3N3OvKGofRLvQIwEQPpaXw==
  dependencies:
    "@babel/parser" "^7.20.15"
    "@vue/compiler-core" "3.3.4"
    "@vue/shared" "3.3.4"
    estree-walker "^2.0.2"
    magic-string "^0.30.0"

"@vue/reactivity@3.3.4":
  version "3.3.4"
  resolved "https://registry.yarnpkg.com/@vue/reactivity/-/reactivity-3.3.4.tgz#a27a29c6cd17faba5a0e99fbb86ee951653e2253"
  integrity sha512-kLTDLwd0B1jG08NBF3R5rqULtv/f8x3rOFByTDz4J53ttIQEDmALqKqXY0J+XQeN0aV2FBxY8nJDf88yvOPAqQ==
  dependencies:
    "@vue/shared" "3.3.4"

"@vue/runtime-core@3.3.4":
  version "3.3.4"
  resolved "https://registry.yarnpkg.com/@vue/runtime-core/-/runtime-core-3.3.4.tgz#4bb33872bbb583721b340f3088888394195967d1"
  integrity sha512-R+bqxMN6pWO7zGI4OMlmvePOdP2c93GsHFM/siJI7O2nxFRzj55pLwkpCedEY+bTMgp5miZ8CxfIZo3S+gFqvA==
  dependencies:
    "@vue/reactivity" "3.3.4"
    "@vue/shared" "3.3.4"

"@vue/runtime-dom@3.3.4":
  version "3.3.4"
  resolved "https://registry.yarnpkg.com/@vue/runtime-dom/-/runtime-dom-3.3.4.tgz#992f2579d0ed6ce961f47bbe9bfe4b6791251566"
  integrity sha512-Aj5bTJ3u5sFsUckRghsNjVTtxZQ1OyMWCr5dZRAPijF/0Vy4xEoRCwLyHXcj4D0UFbJ4lbx3gPTgg06K/GnPnQ==
  dependencies:
    "@vue/runtime-core" "3.3.4"
    "@vue/shared" "3.3.4"
    csstype "^3.1.1"

"@vue/server-renderer@3.3.4":
  version "3.3.4"
  resolved "https://registry.yarnpkg.com/@vue/server-renderer/-/server-renderer-3.3.4.tgz#ea46594b795d1536f29bc592dd0f6655f7ea4c4c"
  integrity sha512-Q6jDDzR23ViIb67v+vM1Dqntu+HUexQcsWKhhQa4ARVzxOY2HbC7QRW/ggkDBd5BU+uM1sV6XOAP0b216o34JQ==
  dependencies:
    "@vue/compiler-ssr" "3.3.4"
    "@vue/shared" "3.3.4"

"@vue/shared@3.3.4":
  version "3.3.4"
  resolved "https://registry.yarnpkg.com/@vue/shared/-/shared-3.3.4.tgz#06e83c5027f464eef861c329be81454bc8b70780"
  integrity sha512-7OjdcV8vQ74eiz1TZLzZP4JwqM5fA94K6yntPS5Z25r9HDuGNzaGdgvwKYq6S+MxwF0TFRwe50fIR/MYnakdkQ==

csstype@^3.1.1:
  version "3.1.2"
  resolved "https://registry.yarnpkg.com/csstype/-/csstype-3.1.2.tgz#1d4bf9d572f11c14031f0436e1c10bc1f571f50b"
  integrity sha512-I7K1Uu0MBPzaFKg4nI5Q7Vs2t+3gWWW648spaF+Rg7pI9ds18Ugn+lvg4SHczUdKlHI5LWBXyqfS8+DufyBsgQ==

esbuild@^0.16.3:
  version "0.16.16"
  resolved "https://registry.yarnpkg.com/esbuild/-/esbuild-0.16.16.tgz#e8a27820a30cc1449066f9bbe8916b145dbc9046"
  integrity sha512-24JyKq10KXM5EBIgPotYIJ2fInNWVVqflv3gicIyQqfmUqi4HvDW1VR790cBgLJHCl96Syy7lhoz7tLFcmuRmg==
  optionalDependencies:
    "@esbuild/android-arm" "0.16.16"
    "@esbuild/android-arm64" "0.16.16"
    "@esbuild/android-x64" "0.16.16"
    "@esbuild/darwin-arm64" "0.16.16"
    "@esbuild/darwin-x64" "0.16.16"
    "@esbuild/freebsd-arm64" "0.16.16"
    "@esbuild/freebsd-x64" "0.16.16"
    "@esbuild/linux-arm" "0.16.16"
    "@esbuild/linux-arm64" "0.16.16"
    "@esbuild/linux-ia32" "0.16.16"
    "@esbuild/linux-loong64" "0.16.16"
    "@esbuild/linux-mips64el" "0.16.16"
    "@esbuild/linux-ppc64" "0.16.16"
    "@esbuild/linux-riscv64" "0.16.16"
    "@esbuild/linux-s390x" "0.16.16"
    "@esbuild/linux-x64" "0.16.16"
    "@esbuild/netbsd-x64" "0.16.16"
    "@esbuild/openbsd-x64" "0.16.16"
    "@esbuild/sunos-x64" "0.16.16"
    "@esbuild/win32-arm64" "0.16.16"
    "@esbuild/win32-ia32" "0.16.16"
    "@esbuild/win32-x64" "0.16.16"

escape-html@^1.0.3:
  version "1.0.3"
  resolved "https://registry.yarnpkg.com/escape-html/-/escape-html-1.0.3.tgz#0258eae4d3d0c0974de1c169188ef0051d1d1988"
  integrity sha512-NiSupZ4OeuGwr68lGIeym/ksIZMJodUGOSCZ/FSnTxcrekbvqrgdUxlJOMpijaKZVjAJrWrGs/6Jy8OMuyj9ow==

estree-walker@^2.0.2:
  version "2.0.2"
  resolved "https://registry.yarnpkg.com/estree-walker/-/estree-walker-2.0.2.tgz#52f010178c2a4c117a7757cfe942adb7d2da4cac"
  integrity sha512-Rfkk/Mp/DL7JVje3u18FxFujQlTNR2q6QfMSMB7AvCBx91NGj/ba3kCfza0f6dVDbw7YlRf/nDrn7pQrCCyQ/w==

fsevents@~2.3.2:
  version "2.3.2"
  resolved "https://registry.yarnpkg.com/fsevents/-/fsevents-2.3.2.tgz#8a526f78b8fdf4623b709e0b975c52c24c02fd1a"
  integrity sha512-xiqMQR4xAeHTuB9uWm+fFRcIOgKBMiOBP+eXiyT7jsgVCq1bkVygt00oASowB7EdtpOHaaPgKt812P9ab+DDKA==

function-bind@^1.1.1:
  version "1.1.1"
  resolved "https://registry.yarnpkg.com/function-bind/-/function-bind-1.1.1.tgz#a56899d3ea3c9bab874bb9773b7c5ede92f4895d"
  integrity sha512-yIovAzMX49sF8Yl58fSCWJ5svSLuaibPxXQJFLmBObTuCr0Mf1KiPopGM9NiFjiYBCbfaa2Fh6breQ6ANVTI0A==

has@^1.0.3:
  version "1.0.3"
  resolved "https://registry.yarnpkg.com/has/-/has-1.0.3.tgz#722d7cbfc1f6aa8241f16dd814e011e1f41e8796"
  integrity sha512-f2dvO0VU6Oej7RkWJGrehjbzMAjFp5/VKPp5tTpWIV4JHHZK1/BxbFRtf/siA2SWTe09caDmVtYYzWEIbBS4zw==
  dependencies:
    function-bind "^1.1.1"

is-core-module@^2.9.0:
  version "2.10.0"
  resolved "https://registry.yarnpkg.com/is-core-module/-/is-core-module-2.10.0.tgz#9012ede0a91c69587e647514e1d5277019e728ed"
  integrity sha512-Erxj2n/LDAZ7H8WNJXd9tw38GYM3dv8rk8Zcs+jJuxYTW7sozH+SS8NtrSjVL1/vpLvWi1hxy96IzjJ3EHTJJg==
  dependencies:
    has "^1.0.3"

jquery@^3.7.1:
  version "3.7.1"
  resolved "https://registry.yarnpkg.com/jquery/-/jquery-3.7.1.tgz#083ef98927c9a6a74d05a6af02806566d16274de"
  integrity sha512-m4avr8yL8kmFN8psrbFFFmB/If14iN5o9nw/NgnnM+kybDJpRsAynV2BsfpTYrTRysYUdADVD7CkUUizgkpLfg==

magic-string@^0.30.0:
  version "0.30.0"
  resolved "https://registry.yarnpkg.com/magic-string/-/magic-string-0.30.0.tgz#fd58a4748c5c4547338a424e90fa5dd17f4de529"
  integrity sha512-LA+31JYDJLs82r2ScLrlz1GjSgu66ZV518eyWT+S8VhyQn/JL0u9MeBOvQMGYiPk1DBiSN9DDMOcXvigJZaViQ==
  dependencies:
    "@jridgewell/sourcemap-codec" "^1.4.13"

nanoid@^3.3.4, nanoid@^3.3.6:
  version "3.3.6"
  resolved "https://registry.yarnpkg.com/nanoid/-/nanoid-3.3.6.tgz#443380c856d6e9f9824267d960b4236ad583ea4c"
  integrity sha512-BGcqMMJuToF7i1rt+2PWSNVnWIkGCU78jBG3RxO/bZlnZPK2Cmi2QaffxGO/2RvWi9sL+FAiRiXMgsyxQ1DIDA==

path-parse@^1.0.7:
  version "1.0.7"
  resolved "https://registry.yarnpkg.com/path-parse/-/path-parse-1.0.7.tgz#fbc114b60ca42b30d9daf5858e4bd68bbedb6735"
  integrity sha512-LDJzPVEEEPR+y48z93A0Ed0yXb8pAByGWo/k5YYdYgpY2/2EsOsksJrq7lOHxryrVOn1ejG6oAp8ahvOIQD8sw==

picocolors@^1.0.0:
  version "1.0.0"
  resolved "https://registry.yarnpkg.com/picocolors/-/picocolors-1.0.0.tgz#cb5bdc74ff3f51892236eaf79d68bc44564ab81c"
  integrity sha512-1fygroTLlHu66zi26VoTDv8yRgm0Fccecssto+MhsZ0D/DGW2sm8E8AjW7NU5VVTRt5GxbeZ5qBuJr+HyLYkjQ==

postcss@^8.1.10:
  version "8.4.24"
  resolved "https://registry.yarnpkg.com/postcss/-/postcss-8.4.24.tgz#f714dba9b2284be3cc07dbd2fc57ee4dc972d2df"
  integrity sha512-M0RzbcI0sO/XJNucsGjvWU9ERWxb/ytp1w6dKtxTKgixdtQDq4rmx/g8W1hnaheq9jgwL/oyEdH5Bc4WwJKMqg==
  dependencies:
    nanoid "^3.3.6"
    picocolors "^1.0.0"
    source-map-js "^1.0.2"

postcss@^8.4.20:
  version "8.4.21"
  resolved "https://registry.yarnpkg.com/postcss/-/postcss-8.4.21.tgz#c639b719a57efc3187b13a1d765675485f4134f4"
  integrity sha512-tP7u/Sn/dVxK2NnruI4H9BG+x+Wxz6oeZ1cJ8P6G/PZY0IKk4k/63TDsQf2kQq3+qoJeLm2kIBUNlZe3zgb4Zg==
  dependencies:
    nanoid "^3.3.4"
    picocolors "^1.0.0"
    source-map-js "^1.0.2"

resolve@^1.22.1:
  version "1.22.1"
  resolved "https://registry.yarnpkg.com/resolve/-/resolve-1.22.1.tgz#27cb2ebb53f91abb49470a928bba7558066ac177"
  integrity sha512-nBpuuYuY5jFsli/JIs1oldw6fOQCBioohqWZg/2hiaOybXOft4lonv85uDOKXdf8rhyK159cxU5cDcK/NKk8zw==
  dependencies:
    is-core-module "^2.9.0"
    path-parse "^1.0.7"
    supports-preserve-symlinks-flag "^1.0.0"

rollup@^3.7.0:
  version "3.9.1"
  resolved "https://registry.yarnpkg.com/rollup/-/rollup-3.9.1.tgz#27501d3d026418765fe379d5620d25954ff2a011"
  integrity sha512-GswCYHXftN8ZKGVgQhTFUJB/NBXxrRGgO2NCy6E8s1rwEJ4Q9/VttNqcYfEvx4dTo4j58YqdC3OVztPzlKSX8w==
  optionalDependencies:
    fsevents "~2.3.2"

source-map-js@^1.0.2:
  version "1.0.2"
  resolved "https://registry.yarnpkg.com/source-map-js/-/source-map-js-1.0.2.tgz#adbc361d9c62df380125e7f161f71c826f1e490c"
  integrity sha512-R0XvVJ9WusLiqTCEiGCmICCMplcCkIwwR11mOSD9CR5u+IXYdiseeEuXCVAjS54zqwkLcPNnmU4OeJ6tUrWhDw==

supports-preserve-symlinks-flag@^1.0.0:
  version "1.0.0"
  resolved "https://registry.yarnpkg.com/supports-preserve-symlinks-flag/-/supports-preserve-symlinks-flag-1.0.0.tgz#6eda4bd344a3c94aea376d4cc31bc77311039e09"
  integrity sha512-ot0WnXS9fgdkgIcePe6RHNk1WA8+muPa6cSjeR3V8K27q9BB1rTE3R1p7Hv0z1ZyAc8s6Vvv8DIyWf681MAt0w==

uploadcare-widget-tab-effects@^1.5.0:
  version "1.5.0"
  resolved "https://registry.yarnpkg.com/uploadcare-widget-tab-effects/-/uploadcare-widget-tab-effects-1.5.0.tgz#b320fbf22c583bb3566da65549dcb6ace7caf6ac"
  integrity sha512-HSqtidqATXC/LjkvBmIFp1Nn69r0rmJ1fGmKYHZN5WX3jqaTi2XgofrXPX7GMY6PX7z3sk8y4Edv2UoA5uuJJw==

uploadcare-widget@^3.18.0:
  version "3.21.4"
  resolved "https://registry.yarnpkg.com/uploadcare-widget/-/uploadcare-widget-3.21.4.tgz#71514381d9ce5b3ab6b379250852a8be1a4f18c6"
  integrity sha512-34FdeoLBFthIWqfnR2zsN0G2QEXTjRBMFKrhMB3NK7s3nYD8KPXkCn4xac8CkYLDrMi3diLB7DwDzDOgQg+DCA==
  dependencies:
    escape-html "^1.0.3"
    jquery "^3.7.1"

vite@^4.0.0:
  version "4.0.4"
  resolved "https://registry.yarnpkg.com/vite/-/vite-4.0.4.tgz#4612ce0b47bbb233a887a54a4ae0c6e240a0da31"
  integrity sha512-xevPU7M8FU0i/80DMR+YhgrzR5KS2ORy1B4xcX/cXLsvnUWvfHuqMmVU6N0YiJ4JWGRJJsLCgjEzKjG9/GKoSw==
  dependencies:
    esbuild "^0.16.3"
    postcss "^8.4.20"
    resolve "^1.22.1"
    rollup "^3.7.0"
  optionalDependencies:
    fsevents "~2.3.2"

vue@^3.2.37:
  version "3.3.4"
  resolved "https://registry.yarnpkg.com/vue/-/vue-3.3.4.tgz#8ed945d3873667df1d0fcf3b2463ada028f88bd6"
  integrity sha512-VTyEYn3yvIeY1Py0WaYGZsXnz3y5UnGi62GjVEqvEGPl6nxbOrCXbVOTQWBEJUqAyTUk2uJ5JLVnYJ6ZzGbrSw==
  dependencies:
    "@vue/compiler-dom" "3.3.4"
    "@vue/compiler-sfc" "3.3.4"
    "@vue/runtime-dom" "3.3.4"
    "@vue/server-renderer" "3.3.4"
    "@vue/shared" "3.3.4"
